// !$*UTF8*$!
{
	archiveVersion = 1;
	classes = {
	};
	objectVersion = 77;
	objects = {

/* Begin PBXBuildFile section */
		A1B2C3D4E5F6A7B8C9D0E1F2 /* Assets.xcassets in Resources */ = {isa = PBXBuildFile; fileRef = B2C3D4E5F6A7B8C9D0E1F2A3 /* Assets.xcassets */; };
		AA0000000000000000000001 /* WhisperKit in Frameworks */ = {isa = PBXBuildFile; productRef = AA0000000000000000000072 /* WhisperKit */; };
		AA0000000000000000000002 /* XCTest.framework in Frameworks */ = {isa = PBXBuildFile; fileRef = AA0000000000000000000011 /* XCTest.framework */; };
		AA0000000000000000000003 /* TranscriptionModelTests.swift in Sources */ = {isa = PBXBuildFile; fileRef = AA0000000000000000000013 /* TranscriptionModelTests.swift */; };
		AA0000000000000000000004 /* FluidAudio in Frameworks */ = {isa = PBXBuildFile; productRef = 1C91A4D72C0C4A0B9F20A111 /* FluidAudio */; };
		0E354AF200DC5BC5FD6981CA /* RecordingIndicatorWindow.swift in Sources */ = {isa = PBXBuildFile; fileRef = 1AB301610DD9A73CD35155F7 /* RecordingIndicatorWindow.swift */; };
		1C91A4D52C0C4A0B9F20A111 /* LocalTranscriptionService.swift in Sources */ = {isa = PBXBuildFile; fileRef = 1C91A4D42C0C4A0B9F20A111 /* LocalTranscriptionService.swift */; };
		1C91A4D62C0C4A0B9F20A111 /* FluidAudio in Frameworks */ = {isa = PBXBuildFile; productRef = 1C91A4D72C0C4A0B9F20A111 /* FluidAudio */; };
		173C2A9B4D6E8F1029384756 /* AccessibilityController.swift in Sources */ = {isa = PBXBuildFile; fileRef = 173C2A9B4D6E8F1029384755 /* AccessibilityController.swift */; };
		225A0771E3382915CC101010 /* PermissionsSettingsView.swift in Sources */ = {isa = PBXBuildFile; fileRef = 4AE0500063A1CAAA7DF39D50 /* PermissionsSettingsView.swift */; };
		26F65C1A9D4E4F21A8B7C6D5 /* FocusedElementInspector.swift in Sources */ = {isa = PBXBuildFile; fileRef = 26F65C1A9D4E4F21A8B7C6D4 /* FocusedElementInspector.swift */; };
		29A65EDEADEA0F1B5158FD69 /* KeyRecorderView.swift in Sources */ = {isa = PBXBuildFile; fileRef = 9E38A11A0F59E213976F5390 /* KeyRecorderView.swift */; };
		44B72D2C29F587378408A9BA /* HotkeyManager.swift in Sources */ = {isa = PBXBuildFile; fileRef = B2FDB9E4AEC2578CBCEADEF5 /* HotkeyManager.swift */; };
		458667B43F9AE26431333EA6 /* MenuBarView.swift in Sources */ = {isa = PBXBuildFile; fileRef = C2954E642B3BA0DC9A23C8B0 /* MenuBarView.swift */; };
		49AE7A1CFDC69357DD4B865D /* AVFoundation.framework in Frameworks */ = {isa = PBXBuildFile; fileRef = D7ECD4881167C564AC493E67 /* AVFoundation.framework */; };
		6662ADC802438E2174FFF967 /* ModelSettingsView.swift in Sources */ = {isa = PBXBuildFile; fileRef = F9355D4C305CC2A5F0A0E16D /* ModelSettingsView.swift */; };
		700DD29FBEB9B95443CCDCEA /* AudioRecorder.swift in Sources */ = {isa = PBXBuildFile; fileRef = A24AEF266FF0BBF055AB8CFB /* AudioRecorder.swift */; };
		7A61089AAB7BD42A35D460B5 /* CoreAudio.framework in Frameworks */ = {isa = PBXBuildFile; fileRef = 8EEEF1DF5515540F6788EFF8 /* CoreAudio.framework */; };
		84740FA4C22131C091BD729B /* TranscribeMeetingApp.swift in Sources */ = {isa = PBXBuildFile; fileRef = 617C5598D1998EE5F01350BC /* TranscribeMeetingApp.swift */; };
		89E3B9353ADD0FFF6610144B /* AppState.swift in Sources */ = {isa = PBXBuildFile; fileRef = D5228B35E5BC11AB86698BDC /* AppState.swift */; };
		94E2FF4554D92D4265DAFE60 /* ShortcutsSettingsView.swift in Sources */ = {isa = PBXBuildFile; fileRef = 4ABD2DA0658FF2189FE2CD1C /* ShortcutsSettingsView.swift */; };
		99A09F84D12D5E5B2A3D164D /* OnboardingView.swift in Sources */ = {isa = PBXBuildFile; fileRef = EC32008B10AB2F3A32901A8F /* OnboardingView.swift */; };
		A5F1E893C1214A87B9A5BDFC /* AudioToolbox.framework in Frameworks */ = {isa = PBXBuildFile; fileRef = D46A1ED1172B492709C538FC /* AudioToolbox.framework */; };
		C6A3D56B2F7023BB00A16DA0 /* Sparkle in Frameworks */ = {isa = PBXBuildFile; productRef = C6A3D56A2F7023BB00A16DA0 /* Sparkle */; };
		CCA720AE0BE461180105FE92 /* GeneralSettingsView.swift in Sources */ = {isa = PBXBuildFile; fileRef = D450792BC5E0CE42F90269FE /* GeneralSettingsView.swift */; };
		D4E5F60718293A4B5C6D7E8F /* SettingsCoordinator.swift in Sources */ = {isa = PBXBuildFile; fileRef = D4E5F60718293A4B5C6D7E8E /* SettingsCoordinator.swift */; };
		EA62496C0185BEEC105B2E85 /* PTTRecorderView.swift in Sources */ = {isa = PBXBuildFile; fileRef = 8793309FEF6FE2D71751C324 /* PTTRecorderView.swift */; };
		EB4DAD4238C1CBE9885299AD /* SettingsStore.swift in Sources */ = {isa = PBXBuildFile; fileRef = 8416E07055CA131C50C9B6F6 /* SettingsStore.swift */; };
		F0F812B0EA8E670D04878BDD /* SettingsView.swift in Sources */ = {isa = PBXBuildFile; fileRef = 5EB407F215A4729F95EBD5AA /* SettingsView.swift */; };
/* End PBXBuildFile section */

/* Begin PBXFileReference section */
		AA0000000000000000000011 /* XCTest.framework */ = {isa = PBXFileReference; lastKnownFileType = wrapper.framework; name = XCTest.framework; path = System/Library/Frameworks/XCTest.framework; sourceTree = SDKROOT; };
		AA0000000000000000000012 /* WhaleTests.xctest */ = {isa = PBXFileReference; explicitFileType = wrapper.cfbundle; includeInIndex = 0; path = WhaleTests.xctest; sourceTree = BUILT_PRODUCTS_DIR; };
		AA0000000000000000000013 /* TranscriptionModelTests.swift */ = {isa = PBXFileReference; lastKnownFileType = sourcecode.swift; path = TranscriptionModelTests.swift; sourceTree = "<group>"; };
		B2C3D4E5F6A7B8C9D0E1F2A3 /* Assets.xcassets */ = {isa = PBXFileReference; lastKnownFileType = folder.assetcatalog; path = Assets.xcassets; sourceTree = "<group>"; };
		173C2A9B4D6E8F1029384755 /* AccessibilityController.swift */ = {isa = PBXFileReference; lastKnownFileType = sourcecode.swift; path = AccessibilityController.swift; sourceTree = "<group>"; };
		1AB301610DD9A73CD35155F7 /* RecordingIndicatorWindow.swift */ = {isa = PBXFileReference; lastKnownFileType = sourcecode.swift; path = RecordingIndicatorWindow.swift; sourceTree = "<group>"; };
		1C91A4D42C0C4A0B9F20A111 /* LocalTranscriptionService.swift */ = {isa = PBXFileReference; lastKnownFileType = sourcecode.swift; path = LocalTranscriptionService.swift; sourceTree = "<group>"; };
		26F65C1A9D4E4F21A8B7C6D4 /* FocusedElementInspector.swift */ = {isa = PBXFileReference; lastKnownFileType = sourcecode.swift; path = FocusedElementInspector.swift; sourceTree = "<group>"; };
		4ABD2DA0658FF2189FE2CD1C /* ShortcutsSettingsView.swift */ = {isa = PBXFileReference; lastKnownFileType = sourcecode.swift; path = ShortcutsSettingsView.swift; sourceTree = "<group>"; };
		4AE0500063A1CAAA7DF39D50 /* PermissionsSettingsView.swift */ = {isa = PBXFileReference; lastKnownFileType = sourcecode.swift; path = PermissionsSettingsView.swift; sourceTree = "<group>"; };
		5EB407F215A4729F95EBD5AA /* SettingsView.swift */ = {isa = PBXFileReference; lastKnownFileType = sourcecode.swift; path = SettingsView.swift; sourceTree = "<group>"; };
		617C5598D1998EE5F01350BC /* TranscribeMeetingApp.swift */ = {isa = PBXFileReference; lastKnownFileType = sourcecode.swift; path = TranscribeMeetingApp.swift; sourceTree = "<group>"; };
		8416E07055CA131C50C9B6F6 /* SettingsStore.swift */ = {isa = PBXFileReference; lastKnownFileType = sourcecode.swift; path = SettingsStore.swift; sourceTree = "<group>"; };
		8793309FEF6FE2D71751C324 /* PTTRecorderView.swift */ = {isa = PBXFileReference; lastKnownFileType = sourcecode.swift; path = PTTRecorderView.swift; sourceTree = "<group>"; };
		8EEEF1DF5515540F6788EFF8 /* CoreAudio.framework */ = {isa = PBXFileReference; lastKnownFileType = wrapper.framework; name = CoreAudio.framework; path = System/Library/Frameworks/CoreAudio.framework; sourceTree = SDKROOT; };
		9E38A11A0F59E213976F5390 /* KeyRecorderView.swift */ = {isa = PBXFileReference; lastKnownFileType = sourcecode.swift; path = KeyRecorderView.swift; sourceTree = "<group>"; };
		A24AEF266FF0BBF055AB8CFB /* AudioRecorder.swift */ = {isa = PBXFileReference; lastKnownFileType = sourcecode.swift; path = AudioRecorder.swift; sourceTree = "<group>"; };
		B2FDB9E4AEC2578CBCEADEF5 /* HotkeyManager.swift */ = {isa = PBXFileReference; lastKnownFileType = sourcecode.swift; path = HotkeyManager.swift; sourceTree = "<group>"; };
		C2954E642B3BA0DC9A23C8B0 /* MenuBarView.swift */ = {isa = PBXFileReference; lastKnownFileType = sourcecode.swift; path = MenuBarView.swift; sourceTree = "<group>"; };
		D4E5F60718293A4B5C6D7E8E /* SettingsCoordinator.swift */ = {isa = PBXFileReference; lastKnownFileType = sourcecode.swift; path = SettingsCoordinator.swift; sourceTree = "<group>"; };
		D450792BC5E0CE42F90269FE /* GeneralSettingsView.swift */ = {isa = PBXFileReference; lastKnownFileType = sourcecode.swift; path = GeneralSettingsView.swift; sourceTree = "<group>"; };
		D46A1ED1172B492709C538FC /* AudioToolbox.framework */ = {isa = PBXFileReference; lastKnownFileType = wrapper.framework; name = AudioToolbox.framework; path = System/Library/Frameworks/AudioToolbox.framework; sourceTree = SDKROOT; };
		D5228B35E5BC11AB86698BDC /* AppState.swift */ = {isa = PBXFileReference; lastKnownFileType = sourcecode.swift; path = AppState.swift; sourceTree = "<group>"; };
		D7ECD4881167C564AC493E67 /* AVFoundation.framework */ = {isa = PBXFileReference; lastKnownFileType = wrapper.framework; name = AVFoundation.framework; path = System/Library/Frameworks/AVFoundation.framework; sourceTree = SDKROOT; };
		E30A00EEB7141B3BFD0B065B /* TranscribeMeeting.app */ = {isa = PBXFileReference; explicitFileType = wrapper.application; includeInIndex = 0; path = TranscribeMeeting.app; sourceTree = BUILT_PRODUCTS_DIR; };
		EC32008B10AB2F3A32901A8F /* OnboardingView.swift */ = {isa = PBXFileReference; lastKnownFileType = sourcecode.swift; path = OnboardingView.swift; sourceTree = "<group>"; };
		F9355D4C305CC2A5F0A0E16D /* ModelSettingsView.swift */ = {isa = PBXFileReference; lastKnownFileType = sourcecode.swift; path = ModelSettingsView.swift; sourceTree = "<group>"; };
/* End PBXFileReference section */

/* Begin PBXFrameworksBuildPhase section */
		AA0000000000000000000031 /* Frameworks */ = {
			isa = PBXFrameworksBuildPhase;
			buildActionMask = 2147483647;
			files = (
				AA0000000000000000000004 /* FluidAudio in Frameworks */,
				AA0000000000000000000002 /* XCTest.framework in Frameworks */,
			);
			runOnlyForDeploymentPostprocessing = 0;
		};
		BBEDF9B9D3FBB5E122CFB20D /* Frameworks */ = {
			isa = PBXFrameworksBuildPhase;
			buildActionMask = 2147483647;
			files = (
				7A61089AAB7BD42A35D460B5 /* CoreAudio.framework in Frameworks */,
				1C91A4D62C0C4A0B9F20A111 /* FluidAudio in Frameworks */,
				AA0000000000000000000001 /* WhisperKit in Frameworks */,
				C6A3D56B2F7023BB00A16DA0 /* Sparkle in Frameworks */,
				A5F1E893C1214A87B9A5BDFC /* AudioToolbox.framework in Frameworks */,
				49AE7A1CFDC69357DD4B865D /* AVFoundation.framework in Frameworks */,
			);
			runOnlyForDeploymentPostprocessing = 0;
		};
/* End PBXFrameworksBuildPhase section */

/* Begin PBXGroup section */
		1DB310FC63230A872DF63309 /* Products */ = {
			isa = PBXGroup;
			children = (
				E30A00EEB7141B3BFD0B065B /* TranscribeMeeting.app */,
				AA0000000000000000000012 /* WhaleTests.xctest */,
			);
			name = Products;
			sourceTree = "<group>";
		};
		1FF43984F054E7654B1EEA37 /* Sources */ = {
			isa = PBXGroup;
			children = (
				173C2A9B4D6E8F1029384755 /* AccessibilityController.swift */,
				D5228B35E5BC11AB86698BDC /* AppState.swift */,
				A24AEF266FF0BBF055AB8CFB /* AudioRecorder.swift */,
				26F65C1A9D4E4F21A8B7C6D4 /* FocusedElementInspector.swift */,
				D450792BC5E0CE42F90269FE /* GeneralSettingsView.swift */,
				B2FDB9E4AEC2578CBCEADEF5 /* HotkeyManager.swift */,
				9E38A11A0F59E213976F5390 /* KeyRecorderView.swift */,
				1C91A4D42C0C4A0B9F20A111 /* LocalTranscriptionService.swift */,
				C2954E642B3BA0DC9A23C8B0 /* MenuBarView.swift */,
				F9355D4C305CC2A5F0A0E16D /* ModelSettingsView.swift */,
				EC32008B10AB2F3A32901A8F /* OnboardingView.swift */,
				4AE0500063A1CAAA7DF39D50 /* PermissionsSettingsView.swift */,
				8793309FEF6FE2D71751C324 /* PTTRecorderView.swift */,
				1AB301610DD9A73CD35155F7 /* RecordingIndicatorWindow.swift */,
				D4E5F60718293A4B5C6D7E8E /* SettingsCoordinator.swift */,
				8416E07055CA131C50C9B6F6 /* SettingsStore.swift */,
				5EB407F215A4729F95EBD5AA /* SettingsView.swift */,
				4ABD2DA0658FF2189FE2CD1C /* ShortcutsSettingsView.swift */,
				617C5598D1998EE5F01350BC /* TranscribeMeetingApp.swift */,
			);
			name = Sources;
			path = Whale/Sources;
			sourceTree = "<group>";
		};
		C3D4E5F6A7B8C9D0E1F2A3B5 /* Resources */ = {
			isa = PBXGroup;
			children = (
				B2C3D4E5F6A7B8C9D0E1F2A3 /* Assets.xcassets */,
			);
			name = Resources;
			path = Whale/Resources;
			sourceTree = "<group>";
		};
		8F2DCE44CE4C7CA0FB04F8BC = {
			isa = PBXGroup;
			children = (
				1FF43984F054E7654B1EEA37 /* Sources */,
				AA0000000000000000000021 /* Tests */,
				C3D4E5F6A7B8C9D0E1F2A3B5 /* Resources */,
				FD08E838474B977A29696F57 /* Frameworks */,
				1DB310FC63230A872DF63309 /* Products */,
			);
			sourceTree = "<group>";
		};
		AA0000000000000000000021 /* Tests */ = {
			isa = PBXGroup;
			children = (
				AA0000000000000000000013 /* TranscriptionModelTests.swift */,
			);
			path = WhaleTests;
			sourceTree = "<group>";
		};
		FD08E838474B977A29696F57 /* Frameworks */ = {
			isa = PBXGroup;
			children = (
				D46A1ED1172B492709C538FC /* AudioToolbox.framework */,
				D7ECD4881167C564AC493E67 /* AVFoundation.framework */,
				8EEEF1DF5515540F6788EFF8 /* CoreAudio.framework */,
				AA0000000000000000000011 /* XCTest.framework */,
			);
			name = Frameworks;
			sourceTree = "<group>";
		};
/* End PBXGroup section */

/* Begin PBXContainerItemProxy section */
		AA0000000000000000000051 /* PBXContainerItemProxy */ = {
			isa = PBXContainerItemProxy;
			containerPortal = 49FAB7016FB2C5DDF4EB5204 /* Project object */;
			proxyType = 1;
			remoteGlobalIDString = 92FC86E1A1F73D62CBA0B22D;
			remoteInfo = Whale;
		};
/* End PBXContainerItemProxy section */

/* Begin PBXNativeTarget section */
		92FC86E1A1F73D62CBA0B22D /* TranscribeMeeting */ = {
			isa = PBXNativeTarget;
			buildConfigurationList = 735A3DEFC8ED556C33117934 /* Build configuration list for PBXNativeTarget "Swift" */;
			buildPhases = (
				C3D4E5F6A7B8C9D0E1F2A3B4 /* Resources */,
				C9421B68B0297431CB7B7584 /* Sources */,
				BBEDF9B9D3FBB5E122CFB20D /* Frameworks */,
			);
			buildRules = (
			);
			dependencies = (
			);
			name = Whale;
			packageProductDependencies = (
				1C91A4D72C0C4A0B9F20A111 /* FluidAudio */,
				AA0000000000000000000072 /* WhisperKit */,
				C6A3D56A2F7023BB00A16DA0 /* Sparkle */,
			);
			productName = TranscribeMeeting;
			productReference = E30A00EEB7141B3BFD0B065B /* TranscribeMeeting.app */;
			productType = "com.apple.product-type.application";
		};
		AA0000000000000000000041 /* WhaleTests */ = {
			isa = PBXNativeTarget;
			buildConfigurationList = AA0000000000000000000061 /* Build configuration list for PBXNativeTarget "WhaleTests" */;
			buildPhases = (
				AA0000000000000000000032 /* Sources */,
				AA0000000000000000000031 /* Frameworks */,
			);
			buildRules = (
			);
			dependencies = (
				AA0000000000000000000052 /* PBXTargetDependency */,
			);
			name = WhaleTests;
			packageProductDependencies = (
				1C91A4D72C0C4A0B9F20A111 /* FluidAudio */,
			);
			productName = WhaleTests;
			productReference = AA0000000000000000000012 /* WhaleTests.xctest */;
			productType = "com.apple.product-type.bundle.unit-test";
		};
/* End PBXNativeTarget section */

/* Begin PBXProject section */
		49FAB7016FB2C5DDF4EB5204 /* Project object */ = {
			isa = PBXProject;
			attributes = {
				BuildIndependentTargetsInParallel = YES;
				LastUpgradeCheck = 1430;
				TargetAttributes = {
					92FC86E1A1F73D62CBA0B22D = {
						DevelopmentTeam = G6Z6DNHM33;
						ProvisioningStyle = Automatic;
					};
					AA0000000000000000000041 = {
						DevelopmentTeam = G6Z6DNHM33;
						ProvisioningStyle = Automatic;
					};
				};
			};
			buildConfigurationList = E16D1E3FBFCDFDAC4957447A /* Build configuration list for PBXProject "Swift" */;
			developmentRegion = en;
			hasScannedForEncodings = 0;
			knownRegions = (
				Base,
				en,
			);
			mainGroup = 8F2DCE44CE4C7CA0FB04F8BC;
			minimizedProjectReferenceProxies = 1;
			packageReferences = (
				1C91A4D82C0C4A0B9F20A111 /* XCRemoteSwiftPackageReference "FluidAudio" */,
				AA0000000000000000000071 /* XCRemoteSwiftPackageReference "WhisperKit" */,
				C6A3D5692F7023BB00A16DA0 /* XCRemoteSwiftPackageReference "Sparkle" */,
			);
			preferredProjectObjectVersion = 77;
			productRefGroup = 1DB310FC63230A872DF63309 /* Products */;
			projectDirPath = "";
			projectRoot = "";
			targets = (
				92FC86E1A1F73D62CBA0B22D /* TranscribeMeeting */,
				AA0000000000000000000041 /* WhaleTests */,
			);
		};
/* End PBXProject section */

/* Begin PBXResourcesBuildPhase section */
		C3D4E5F6A7B8C9D0E1F2A3B4 /* Resources */ = {
			isa = PBXResourcesBuildPhase;
			buildActionMask = 2147483647;
			files = (
				A1B2C3D4E5F6A7B8C9D0E1F2 /* Assets.xcassets in Resources */,
			);
			runOnlyForDeploymentPostprocessing = 0;
		};
/* End PBXResourcesBuildPhase section */

/* Begin PBXSourcesBuildPhase section */
		AA0000000000000000000032 /* Sources */ = {
			isa = PBXSourcesBuildPhase;
			buildActionMask = 2147483647;
			files = (
				AA0000000000000000000003 /* TranscriptionModelTests.swift in Sources */,
			);
			runOnlyForDeploymentPostprocessing = 0;
		};
		C9421B68B0297431CB7B7584 /* Sources */ = {
			isa = PBXSourcesBuildPhase;
			buildActionMask = 2147483647;
			files = (
				173C2A9B4D6E8F1029384756 /* AccessibilityController.swift in Sources */,
				89E3B9353ADD0FFF6610144B /* AppState.swift in Sources */,
				700DD29FBEB9B95443CCDCEA /* AudioRecorder.swift in Sources */,
				26F65C1A9D4E4F21A8B7C6D5 /* FocusedElementInspector.swift in Sources */,
				CCA720AE0BE461180105FE92 /* GeneralSettingsView.swift in Sources */,
				44B72D2C29F587378408A9BA /* HotkeyManager.swift in Sources */,
				29A65EDEADEA0F1B5158FD69 /* KeyRecorderView.swift in Sources */,
				1C91A4D52C0C4A0B9F20A111 /* LocalTranscriptionService.swift in Sources */,
				458667B43F9AE26431333EA6 /* MenuBarView.swift in Sources */,
				6662ADC802438E2174FFF967 /* ModelSettingsView.swift in Sources */,
				99A09F84D12D5E5B2A3D164D /* OnboardingView.swift in Sources */,
				EA62496C0185BEEC105B2E85 /* PTTRecorderView.swift in Sources */,
				225A0771E3382915CC101010 /* PermissionsSettingsView.swift in Sources */,
				0E354AF200DC5BC5FD6981CA /* RecordingIndicatorWindow.swift in Sources */,
				D4E5F60718293A4B5C6D7E8F /* SettingsCoordinator.swift in Sources */,
				EB4DAD4238C1CBE9885299AD /* SettingsStore.swift in Sources */,
				F0F812B0EA8E670D04878BDD /* SettingsView.swift in Sources */,
				94E2FF4554D92D4265DAFE60 /* ShortcutsSettingsView.swift in Sources */,
				84740FA4C22131C091BD729B /* TranscribeMeetingApp.swift in Sources */,
			);
			runOnlyForDeploymentPostprocessing = 0;
		};
/* End PBXSourcesBuildPhase section */

/* Begin XCBuildConfiguration section */
		049CF427F7D0878A8653DC89 /* Release */ = {
			isa = XCBuildConfiguration;
			buildSettings = {
				ASSETCATALOG_COMPILER_APPICON_NAME = AppIcon;
				CODE_SIGN_ENTITLEMENTS = Whale/TranscribeMeeting.entitlements;
				COMBINE_HIDPI_IMAGES = YES;
				INFOPLIST_FILE = Whale/Info.plist;
				LD_RUNPATH_SEARCH_PATHS = (
					"$(inherited)",
					"@executable_path/../Frameworks",
				);
				LSUIElement = YES;
				PRODUCT_BUNDLE_IDENTIFIER = "com.sumitrk.transcribe-meeting";
				SDKROOT = macosx;
			};
			name = Release;
		};
		AA0000000000000000000062 /* Debug */ = {
			isa = XCBuildConfiguration;
			buildSettings = {
				BUNDLE_LOADER = "$(TEST_HOST)";
				CODE_SIGN_STYLE = Automatic;
				DEVELOPMENT_TEAM = G6Z6DNHM33;
				GENERATE_INFOPLIST_FILE = YES;
				MACOSX_DEPLOYMENT_TARGET = 14.2;
				PRODUCT_BUNDLE_IDENTIFIER = "com.sumitrk.transcribe-meetingTests";
				PRODUCT_NAME = "$(TARGET_NAME)";
				SDKROOT = macosx;
				SWIFT_ACTIVE_COMPILATION_CONDITIONS = DEBUG;
				SWIFT_OPTIMIZATION_LEVEL = "-Onone";
				SWIFT_VERSION = 5.9;
				TEST_HOST = "$(BUILT_PRODUCTS_DIR)/Whale.app/Contents/MacOS/Whale";
				TEST_TARGET_NAME = Whale;
			};
			name = Debug;
		};
		AA0000000000000000000063 /* Release */ = {
			isa = XCBuildConfiguration;
			buildSettings = {
				BUNDLE_LOADER = "$(TEST_HOST)";
				CODE_SIGN_STYLE = Automatic;
				DEVELOPMENT_TEAM = G6Z6DNHM33;
				GENERATE_INFOPLIST_FILE = YES;
				MACOSX_DEPLOYMENT_TARGET = 14.2;
				PRODUCT_BUNDLE_IDENTIFIER = "com.sumitrk.transcribe-meetingTests";
				PRODUCT_NAME = "$(TARGET_NAME)";
				SDKROOT = macosx;
				SWIFT_COMPILATION_MODE = wholemodule;
				SWIFT_OPTIMIZATION_LEVEL = "-O";
				SWIFT_VERSION = 5.9;
				TEST_HOST = "$(BUILT_PRODUCTS_DIR)/Whale.app/Contents/MacOS/Whale";
				TEST_TARGET_NAME = Whale;
			};
			name = Release;
		};
		9FC4A6876AF74C06224D9F2C /* Debug */ = {
			isa = XCBuildConfiguration;
			buildSettings = {
				ALWAYS_SEARCH_USER_PATHS = NO;
				CLANG_ANALYZER_NONNULL = YES;
				CLANG_ANALYZER_NUMBER_OBJECT_CONVERSION = YES_AGGRESSIVE;
				CLANG_CXX_LANGUAGE_STANDARD = "gnu++14";
				CLANG_CXX_LIBRARY = "libc++";
				CLANG_ENABLE_MODULES = YES;
				CLANG_ENABLE_OBJC_ARC = YES;
				CLANG_ENABLE_OBJC_WEAK = YES;
				CLANG_WARN_BLOCK_CAPTURE_AUTORELEASING = YES;
				CLANG_WARN_BOOL_CONVERSION = YES;
				CLANG_WARN_COMMA = YES;
				CLANG_WARN_CONSTANT_CONVERSION = YES;
				CLANG_WARN_DEPRECATED_OBJC_IMPLEMENTATIONS = YES;
				CLANG_WARN_DIRECT_OBJC_ISA_USAGE = YES_ERROR;
				CLANG_WARN_DOCUMENTATION_COMMENTS = YES;
				CLANG_WARN_EMPTY_BODY = YES;
				CLANG_WARN_ENUM_CONVERSION = YES;
				CLANG_WARN_INFINITE_RECURSION = YES;
				CLANG_WARN_INT_CONVERSION = YES;
				CLANG_WARN_NON_LITERAL_NULL_CONVERSION = YES;
				CLANG_WARN_OBJC_IMPLICIT_RETAIN_SELF = YES;
				CLANG_WARN_OBJC_LITERAL_CONVERSION = YES;
				CLANG_WARN_OBJC_ROOT_CLASS = YES_ERROR;
				CLANG_WARN_QUOTED_INCLUDE_IN_FRAMEWORK_HEADER = YES;
				CLANG_WARN_RANGE_LOOP_ANALYSIS = YES;
				CLANG_WARN_STRICT_PROTOTYPES = YES;
				CLANG_WARN_SUSPICIOUS_MOVE = YES;
				CLANG_WARN_UNGUARDED_AVAILABILITY = YES_AGGRESSIVE;
				CLANG_WARN_UNREACHABLE_CODE = YES;
				CLANG_WARN__DUPLICATE_METHOD_MATCH = YES;
				CODE_SIGN_STYLE = Automatic;
				COPY_PHASE_STRIP = NO;
				DEBUG_INFORMATION_FORMAT = dwarf;
				DEVELOPMENT_TEAM = G6Z6DNHM33;
				ENABLE_STRICT_OBJC_MSGSEND = YES;
				ENABLE_TESTABILITY = YES;
				GCC_C_LANGUAGE_STANDARD = gnu11;
				GCC_DYNAMIC_NO_PIC = NO;
				GCC_NO_COMMON_BLOCKS = YES;
				GCC_OPTIMIZATION_LEVEL = 0;
				GCC_PREPROCESSOR_DEFINITIONS = (
					"$(inherited)",
					"DEBUG=1",
				);
				GCC_WARN_64_TO_32_BIT_CONVERSION = YES;
				GCC_WARN_ABOUT_RETURN_TYPE = YES_ERROR;
				GCC_WARN_UNDECLARED_SELECTOR = YES;
				GCC_WARN_UNINITIALIZED_AUTOS = YES_AGGRESSIVE;
				GCC_WARN_UNUSED_FUNCTION = YES;
				GCC_WARN_UNUSED_VARIABLE = YES;
				MACOSX_DEPLOYMENT_TARGET = 14.2;
				MTL_ENABLE_DEBUG_INFO = INCLUDE_SOURCE;
				MTL_FAST_MATH = YES;
				ONLY_ACTIVE_ARCH = YES;
				PRODUCT_NAME = Whale;
				SDKROOT = macosx;
				SWIFT_ACTIVE_COMPILATION_CONDITIONS = DEBUG;
				SWIFT_OPTIMIZATION_LEVEL = "-Onone";
				SWIFT_VERSION = 5.9;
			};
			name = Debug;
		};
		C866EA18967FF7E30CC0E1BB /* Release */ = {
			isa = XCBuildConfiguration;
			buildSettings = {
				ALWAYS_SEARCH_USER_PATHS = NO;
				CLANG_ANALYZER_NONNULL = YES;
				CLANG_ANALYZER_NUMBER_OBJECT_CONVERSION = YES_AGGRESSIVE;
				CLANG_CXX_LANGUAGE_STANDARD = "gnu++14";
				CLANG_CXX_LIBRARY = "libc++";
				CLANG_ENABLE_MODULES = YES;
				CLANG_ENABLE_OBJC_ARC = YES;
				CLANG_ENABLE_OBJC_WEAK = YES;
				CLANG_WARN_BLOCK_CAPTURE_AUTORELEASING = YES;
				CLANG_WARN_BOOL_CONVERSION = YES;
				CLANG_WARN_COMMA = YES;
				CLANG_WARN_CONSTANT_CONVERSION = YES;
				CLANG_WARN_DEPRECATED_OBJC_IMPLEMENTATIONS = YES;
				CLANG_WARN_DIRECT_OBJC_ISA_USAGE = YES_ERROR;
				CLANG_WARN_DOCUMENTATION_COMMENTS = YES;
				CLANG_WARN_EMPTY_BODY = YES;
				CLANG_WARN_ENUM_CONVERSION = YES;
				CLANG_WARN_INFINITE_RECURSION = YES;
				CLANG_WARN_INT_CONVERSION = YES;
				CLANG_WARN_NON_LITERAL_NULL_CONVERSION = YES;
				CLANG_WARN_OBJC_IMPLICIT_RETAIN_SELF = YES;
				CLANG_WARN_OBJC_LITERAL_CONVERSION = YES;
				CLANG_WARN_OBJC_ROOT_CLASS = YES_ERROR;
				CLANG_WARN_QUOTED_INCLUDE_IN_FRAMEWORK_HEADER = YES;
				CLANG_WARN_RANGE_LOOP_ANALYSIS = YES;
				CLANG_WARN_STRICT_PROTOTYPES = YES;
				CLANG_WARN_SUSPICIOUS_MOVE = YES;
				CLANG_WARN_UNGUARDED_AVAILABILITY = YES_AGGRESSIVE;
				CLANG_WARN_UNREACHABLE_CODE = YES;
				CLANG_WARN__DUPLICATE_METHOD_MATCH = YES;
				CODE_SIGN_STYLE = Automatic;
				COPY_PHASE_STRIP = NO;
				DEBUG_INFORMATION_FORMAT = "dwarf-with-dsym";
				DEVELOPMENT_TEAM = G6Z6DNHM33;
				ENABLE_NS_ASSERTIONS = NO;
				ENABLE_STRICT_OBJC_MSGSEND = YES;
				GCC_C_LANGUAGE_STANDARD = gnu11;
				GCC_NO_COMMON_BLOCKS = YES;
				GCC_WARN_64_TO_32_BIT_CONVERSION = YES;
				GCC_WARN_ABOUT_RETURN_TYPE = YES_ERROR;
				GCC_WARN_UNDECLARED_SELECTOR = YES;
				GCC_WARN_UNINITIALIZED_AUTOS = YES_AGGRESSIVE;
				GCC_WARN_UNUSED_FUNCTION = YES;
				GCC_WARN_UNUSED_VARIABLE = YES;
				MACOSX_DEPLOYMENT_TARGET = 14.2;
				MTL_ENABLE_DEBUG_INFO = NO;
				MTL_FAST_MATH = YES;
				PRODUCT_NAME = Whale;
				SDKROOT = macosx;
				SWIFT_COMPILATION_MODE = wholemodule;
				SWIFT_OPTIMIZATION_LEVEL = "-O";
				SWIFT_VERSION = 5.9;
			};
			name = Release;
		};
		F20472710C3A8133233B4605 /* Debug */ = {
			isa = XCBuildConfiguration;
			buildSettings = {
				ASSETCATALOG_COMPILER_APPICON_NAME = AppIcon;
				CODE_SIGN_ENTITLEMENTS = Whale/TranscribeMeeting.entitlements;
				COMBINE_HIDPI_IMAGES = YES;
				INFOPLIST_FILE = Whale/Info.plist;
				LD_RUNPATH_SEARCH_PATHS = (
					"$(inherited)",
					"@executable_path/../Frameworks",
				);
				LSUIElement = YES;
				PRODUCT_BUNDLE_IDENTIFIER = "com.sumitrk.transcribe-meeting";
				SDKROOT = macosx;
			};
			name = Debug;
		};
/* End XCBuildConfiguration section */

/* Begin XCConfigurationList section */
		735A3DEFC8ED556C33117934 /* Build configuration list for PBXNativeTarget "Swift" */ = {
			isa = XCConfigurationList;
			buildConfigurations = (
				F20472710C3A8133233B4605 /* Debug */,
				049CF427F7D0878A8653DC89 /* Release */,
			);
			defaultConfigurationIsVisible = 0;
			defaultConfigurationName = Debug;
		};
		AA0000000000000000000061 /* Build configuration list for PBXNativeTarget "WhaleTests" */ = {
			isa = XCConfigurationList;
			buildConfigurations = (
				AA0000000000000000000062 /* Debug */,
				AA0000000000000000000063 /* Release */,
			);
			defaultConfigurationIsVisible = 0;
			defaultConfigurationName = Debug;
		};
		E16D1E3FBFCDFDAC4957447A /* Build configuration list for PBXProject "Swift" */ = {
			isa = XCConfigurationList;
			buildConfigurations = (
				9FC4A6876AF74C06224D9F2C /* Debug */,
				C866EA18967FF7E30CC0E1BB /* Release */,
			);
			defaultConfigurationIsVisible = 0;
			defaultConfigurationName = Debug;
		};
/* End XCConfigurationList section */

/* Begin XCRemoteSwiftPackageReference section */
		1C91A4D82C0C4A0B9F20A111 /* XCRemoteSwiftPackageReference "FluidAudio" */ = {
			isa = XCRemoteSwiftPackageReference;
			repositoryURL = "https://github.com/FluidInference/FluidAudio.git";
			requirement = {
				kind = upToNextMajorVersion;
				minimumVersion = 0.12.4;
			};
		};
		AA0000000000000000000071 /* XCRemoteSwiftPackageReference "WhisperKit" */ = {
			isa = XCRemoteSwiftPackageReference;
			repositoryURL = "https://github.com/argmaxinc/WhisperKit.git";
			requirement = {
				kind = upToNextMajorVersion;
				minimumVersion = 0.9.0;
			};
		};
		C6A3D5692F7023BB00A16DA0 /* XCRemoteSwiftPackageReference "Sparkle" */ = {
			isa = XCRemoteSwiftPackageReference;
			repositoryURL = "https://github.com/sparkle-project/Sparkle";
			requirement = {
				kind = upToNextMajorVersion;
				minimumVersion = 2.9.0;
			};
		};
/* End XCRemoteSwiftPackageReference section */

/* Begin XCSwiftPackageProductDependency section */
		1C91A4D72C0C4A0B9F20A111 /* FluidAudio */ = {
			isa = XCSwiftPackageProductDependency;
			package = 1C91A4D82C0C4A0B9F20A111 /* XCRemoteSwiftPackageReference "FluidAudio" */;
			productName = FluidAudio;
		};
		AA0000000000000000000072 /* WhisperKit */ = {
			isa = XCSwiftPackageProductDependency;
			package = AA0000000000000000000071 /* XCRemoteSwiftPackageReference "WhisperKit" */;
			productName = WhisperKit;
		};
		C6A3D56A2F7023BB00A16DA0 /* Sparkle */ = {
			isa = XCSwiftPackageProductDependency;
			package = C6A3D5692F7023BB00A16DA0 /* XCRemoteSwiftPackageReference "Sparkle" */;
			productName = Sparkle;
		};
/* End XCSwiftPackageProductDependency section */

/* Begin PBXTargetDependency section */
		AA0000000000000000000052 /* PBXTargetDependency */ = {
			isa = PBXTargetDependency;
			target = 92FC86E1A1F73D62CBA0B22D /* TranscribeMeeting */;
			targetProxy = AA0000000000000000000051 /* PBXContainerItemProxy */;
		};
/* End PBXTargetDependency section */
	};
	rootObject = 49FAB7016FB2C5DDF4EB5204 /* Project object */;
}
